<?xml version="1.0" encoding="utf-8"?>
<Project ToolsVersion="4.0" xmlns="http://schemas.microsoft.com/developer/msbuild/2003">
  <ItemGroup>
    <Filter Include="Source Files">
      <UniqueIdentifier>{4FC737F1-C7A5-4376-A066-2A32D752A2FF}</UniqueIdentifier>
      <Extensions>cpp;c;cc;cxx;c++;cppm;ixx;def;odl;idl;hpj;bat;asm;asmx</Extensions>
    </Filter>
    <Filter Include="Header Files">
      <UniqueIdentifier>{93995380-89BD-4b04-88EB-625FBE52EBFB}</UniqueIdentifier>
      <Extensions>h;hh;hpp;hxx;h++;hm;inl;inc;ipp;xsd</Extensions>
    </Filter>
    <Filter Include="Resource Files">
      <UniqueIdentifier>{67DA6AB6-F800-4c08-8B7A-83BB121AAD01}</UniqueIdentifier>
      <Extensions>rc;ico;cur;bmp;dlg;rc2;rct;bin;rgs;gif;jpg;jpeg;jpe;resx;tiff;tif;png;wav;mfcribbon-ms</Extensions>
    </Filter>
    <Filter Include="Header Files\ISystem">
      <UniqueIdentifier>{fa4d10cd-a03c-4a61-a7b1-de2c1afc8eb6}</UniqueIdentifier>
    </Filter>
    <Filter Include="Header Files\IRenderer">
      <UniqueIdentifier>{21cef486-cbba-4c0c-9cf2-30fb0e041c30}</UniqueIdentifier>
    </Filter>
    <Filter Include="Header Files\Foundation">
      <UniqueIdentifier>{95038a45-08eb-44e8-b8d7-dd5dbadc702c}</UniqueIdentifier>
    </Filter>
  </ItemGroup>
  <ItemGroup>
    <ClInclude Include="ISystem\ISystem.hpp">
      <Filter>Header Files\ISystem</Filter>
    </ClInclude>
    <ClInclude Include="IRenderer\IRenderer.hpp">
      <Filter>Header Files\IRenderer</Filter>
    </ClInclude>
    <ClInclude Include="Foundation\IFactory.hpp">
      <Filter>Header Files\Foundation</Filter>
    </ClInclude>
    <ClInclude Include="Foundation\IFactoryRegistry.hpp">
      <Filter>Header Files\Foundation</Filter>
    </ClInclude>
    <ClInclude Include="Foundation\IType.hpp">
      <Filter>Header Files\Foundation</Filter>
    </ClInclude>
    <ClInclude Include="Foundation\Library.hpp">
      <Filter>Header Files\Foundation</Filter>
    </ClInclude>
    <ClInclude Include="Foundation\Module_impl.hpp">
      <Filter>Header Files\Foundation</Filter>
    </ClInclude>
    <ClInclude Include="Foundation\Class.h">
      <Filter>Header Files\Foundation</Filter>
    </ClInclude>
    <ClInclude Include="Foundation\IBasicModule.hpp">
      <Filter>Header Files\Foundation</Filter>
    </ClInclude>
  </ItemGroup>
</Project>